
Microsoft Visual Studio Solution File, Format Version 12.00
# Visual Studio 2013
VisualStudioVersion = 12.0.30501.0
MinimumVisualStudioVersion = 10.0.40219.1
Project("{FAE04EC0-301F-11D3-BF4B-00C04F79EFBC}") = "SPMeta2.Contoso.Model", "SPMeta2.Contoso.Model\SPMeta2.Contoso.Model.csproj", "{3A4BA8BA-AB0C-4FBF-9EFE-0062A5FE512E}"
EndProject
Project("{FAE04EC0-301F-11D3-BF4B-00C04F79EFBC}") = "SPMeta2.Contoso.CSOMServices", "SPMeta2.Contoso.CSOMServices\SPMeta2.Contoso.CSOMServices.csproj", "{32F49F70-E426-4702-8366-169649271EC5}"
EndProject
Project("{2150E333-8FDC-42A3-9474-1A3956D46DE8}") = "Services", "Services", "{64BBB9D1-FA93-4A13-9830-48D850189403}"
EndProject
Project("{2150E333-8FDC-42A3-9474-1A3956D46DE8}") = "Model", "Model", "{D473918B-1493-4F67-835B-36DEDF3DF31B}"
EndProject
Project("{FAE04EC0-301F-11D3-BF4B-00C04F79EFBC}") = "SPMeta2.Contoso.SSOMServices", "SPMeta2.Contoso.SSOMServices\SPMeta2.Contoso.SSOMServices.csproj", "{5600837E-73F1-4C0E-BE35-98C7B0CEDE37}"
EndProject
Project("{2150E333-8FDC-42A3-9474-1A3956D46DE8}") = "Apps", "Apps", "{2E40C466-9641-4F08-BF74-00002DBAD1DE}"
EndProject
Project("{FAE04EC0-301F-11D3-BF4B-00C04F79EFBC}") = "SPMeta2.Contoso.CSOMConsole", "SPMeta2.Contoso.CSOMConsole\SPMeta2.Contoso.CSOMConsole.csproj", "{9FFCF63F-5B0E-42F1-A8D4-E0A136FD6E03}"
EndProject
Project("{2150E333-8FDC-42A3-9474-1A3956D46DE8}") = "Tests", "Tests", "{88248A3B-30D9-4A61-8710-23F88C17E9B7}"
EndProject
Project("{FAE04EC0-301F-11D3-BF4B-00C04F79EFBC}") = "SPMeta2.Contoso.CSOMTests", "SPMeta2.Contoso.CSOMTests\SPMeta2.Contoso.CSOMTests.csproj", "{4A62A8CA-7CBD-45CF-9497-7619518BE766}"
EndProject
Project("{FAE04EC0-301F-11D3-BF4B-00C04F79EFBC}") = "SPMeta2.Contoso.SSOMTests", "SPMeta2.Contoso.SSOMTests\SPMeta2.Contoso.SSOMTests.csproj", "{7D56B22E-1377-436B-A81D-D9ABE52382A8}"
EndProject
Project("{FAE04EC0-301F-11D3-BF4B-00C04F79EFBC}") = "SPMeta2.Contoso.SSOMConsole", "SPMeta2.Contoso.SSOMConsole\SPMeta2.Contoso.SSOMConsole.csproj", "{0E8113CC-DDC2-4D6C-B237-7BDD30A1DBF7}"
EndProject
Global
	GlobalSection(SolutionConfigurationPlatforms) = preSolution
		Debug|Any CPU = Debug|Any CPU
		Release|Any CPU = Release|Any CPU
	EndGlobalSection
	GlobalSection(ProjectConfigurationPlatforms) = postSolution
		{3A4BA8BA-AB0C-4FBF-9EFE-0062A5FE512E}.Debug|Any CPU.ActiveCfg = Debug|Any CPU
		{3A4BA8BA-AB0C-4FBF-9EFE-0062A5FE512E}.Debug|Any CPU.Build.0 = Debug|Any CPU
		{3A4BA8BA-AB0C-4FBF-9EFE-0062A5FE512E}.Release|Any CPU.ActiveCfg = Release|Any CPU
		{3A4BA8BA-AB0C-4FBF-9EFE-0062A5FE512E}.Release|Any CPU.Build.0 = Release|Any CPU
		{32F49F70-E426-4702-8366-169649271EC5}.Debug|Any CPU.ActiveCfg = Debug|Any CPU
		{32F49F70-E426-4702-8366-169649271EC5}.Debug|Any CPU.Build.0 = Debug|Any CPU
		{32F49F70-E426-4702-8366-169649271EC5}.Release|Any CPU.ActiveCfg = Release|Any CPU
		{32F49F70-E426-4702-8366-169649271EC5}.Release|Any CPU.Build.0 = Release|Any CPU
		{5600837E-73F1-4C0E-BE35-98C7B0CEDE37}.Debug|Any CPU.ActiveCfg = Debug|Any CPU
		{5600837E-73F1-4C0E-BE35-98C7B0CEDE37}.Debug|Any CPU.Build.0 = Debug|Any CPU
		{5600837E-73F1-4C0E-BE35-98C7B0CEDE37}.Release|Any CPU.ActiveCfg = Release|Any CPU
		{5600837E-73F1-4C0E-BE35-98C7B0CEDE37}.Release|Any CPU.Build.0 = Release|Any CPU
		{9FFCF63F-5B0E-42F1-A8D4-E0A136FD6E03}.Debug|Any CPU.ActiveCfg = Debug|Any CPU
		{9FFCF63F-5B0E-42F1-A8D4-E0A136FD6E03}.Debug|Any CPU.Build.0 = Debug|Any CPU
		{9FFCF63F-5B0E-42F1-A8D4-E0A136FD6E03}.Release|Any CPU.ActiveCfg = Release|Any CPU
		{9FFCF63F-5B0E-42F1-A8D4-E0A136FD6E03}.Release|Any CPU.Build.0 = Release|Any CPU
		{4A62A8CA-7CBD-45CF-9497-7619518BE766}.Debug|Any CPU.ActiveCfg = Debug|Any CPU
		{4A62A8CA-7CBD-45CF-9497-7619518BE766}.Debug|Any CPU.Build.0 = Debug|Any CPU
		{4A62A8CA-7CBD-45CF-9497-7619518BE766}.Release|Any CPU.ActiveCfg = Release|Any CPU
		{4A62A8CA-7CBD-45CF-9497-7619518BE766}.Release|Any CPU.Build.0 = Release|Any CPU
		{7D56B22E-1377-436B-A81D-D9ABE52382A8}.Debug|Any CPU.ActiveCfg = Debug|Any CPU
		{7D56B22E-1377-436B-A81D-D9ABE52382A8}.Debug|Any CPU.Build.0 = Debug|Any CPU
		{7D56B22E-1377-436B-A81D-D9ABE52382A8}.Release|Any CPU.ActiveCfg = Release|Any CPU
		{7D56B22E-1377-436B-A81D-D9ABE52382A8}.Release|Any CPU.Build.0 = Release|Any CPU
		{0E8113CC-DDC2-4D6C-B237-7BDD30A1DBF7}.Debug|Any CPU.ActiveCfg = Debug|Any CPU
		{0E8113CC-DDC2-4D6C-B237-7BDD30A1DBF7}.Debug|Any CPU.Build.0 = Debug|Any CPU
		{0E8113CC-DDC2-4D6C-B237-7BDD30A1DBF7}.Release|Any CPU.ActiveCfg = Release|Any CPU
		{0E8113CC-DDC2-4D6C-B237-7BDD30A1DBF7}.Release|Any CPU.Build.0 = Release|Any CPU
	EndGlobalSection
	GlobalSection(SolutionProperties) = preSolution
		HideSolutionNode = FALSE
	EndGlobalSection
	GlobalSection(NestedProjects) = preSolution
		{3A4BA8BA-AB0C-4FBF-9EFE-0062A5FE512E} = {D473918B-1493-4F67-835B-36DEDF3DF31B}
		{32F49F70-E426-4702-8366-169649271EC5} = {64BBB9D1-FA93-4A13-9830-48D850189403}
		{5600837E-73F1-4C0E-BE35-98C7B0CEDE37} = {64BBB9D1-FA93-4A13-9830-48D850189403}
		{9FFCF63F-5B0E-42F1-A8D4-E0A136FD6E03} = {2E40C466-9641-4F08-BF74-00002DBAD1DE}
		{88248A3B-30D9-4A61-8710-23F88C17E9B7} = {2E40C466-9641-4F08-BF74-00002DBAD1DE}
		{4A62A8CA-7CBD-45CF-9497-7619518BE766} = {88248A3B-30D9-4A61-8710-23F88C17E9B7}
		{7D56B22E-1377-436B-A81D-D9ABE52382A8} = {88248A3B-30D9-4A61-8710-23F88C17E9B7}
		{0E8113CC-DDC2-4D6C-B237-7BDD30A1DBF7} = {2E40C466-9641-4F08-BF74-00002DBAD1DE}
	EndGlobalSection
EndGlobal
